# THIS IS AN AUTOGENERATED FILE. DO NOT EDIT THIS FILE DIRECTLY.
# yarn lockfile v1


async-sema@^3.1.1:
  version "3.1.1"
  resolved "https://registry.yarnpkg.com/async-sema/-/async-sema-3.1.1.tgz#e527c08758a0f8f6f9f15f799a173ff3c40ea808"
  integrity sha512-tLRNUXati5MFePdAk8dw7Qt7DpxPB60ofAgn8WRhW6a2rcimZnYBP9oxHiv0OHy+Wz7kPMG+t4LGdt31+4EmGg==

dotenv@^16.3.1:
  version "16.3.1"
  resolved "https://registry.yarnpkg.com/dotenv/-/dotenv-16.3.1.tgz#369034de7d7e5b120972693352a3bf112172cc3e"
  integrity sha512-IPzF4w4/Rd94bA9imS68tZBaYyBWSCE47V1RGuMrB94iyTOIEwRmVL2x/4An+6mETpLrKJ5hQkB8W4kFAadeIQ==

sqids@^0.3.0:
  version "0.3.0"
  resolved "https://registry.yarnpkg.com/sqids/-/sqids-0.3.0.tgz#969eabe54a362682e44cb73fce2bfea84e504dec"
  integrity sha512-lOQK1ucVg+W6n3FhRwwSeUijxe93b51Bfz5PMRMihVf1iVkl82ePQG7V5vwrhzB11v0NtsR25PSZRGiSomJaJw==
